
Microsoft Visual Studio Solution File, Format Version 12.00
# Visual Studio 2012
Project("{FAE04EC0-301F-11D3-BF4B-00C04F79EFBC}") = "UI", "UI\UI.csproj", "{7E14ACF2-B757-42FE-BA5A-B094D557F158}"
EndProject
Project("{F2A71F9B-5D33-465A-A702-920D77279786}") = "UIControl", "UIControl\UIControl.fsproj", "{FC429BD4-C243-4348-B054-8EC84F53F9BC}"
EndProject
Project("{F2A71F9B-5D33-465A-A702-920D77279786}") = "API", "API\API.fsproj", "{B452F3CB-F16A-4DAF-8B63-C88A7860FCC2}"
EndProject
Project("{F2A71F9B-5D33-465A-A702-920D77279786}") = "DataAccess", "DataAccess\DataAccess.fsproj", "{3C82B351-5D91-4F5C-A8FD-40A41E45F7BC}"
EndProject
Project("{F2A71F9B-5D33-465A-A702-920D77279786}") = "Common", "Common\Common.fsproj", "{C913B029-CAC5-46B9-8820-666EF038351C}"
EndProject
Project("{F2A71F9B-5D33-465A-A702-920D77279786}") = "IndexingApp", "IndexingApp\IndexingApp.fsproj", "{5B1A019E-A3AB-4E05-98D1-D9C37409F036}"
EndProject
Global
	GlobalSection(SolutionConfigurationPlatforms) = preSolution
		Debug|Any CPU = Debug|Any CPU
		Release|Any CPU = Release|Any CPU
	EndGlobalSection
	GlobalSection(ProjectConfigurationPlatforms) = postSolution
		{7E14ACF2-B757-42FE-BA5A-B094D557F158}.Debug|Any CPU.ActiveCfg = Debug|Any CPU
		{7E14ACF2-B757-42FE-BA5A-B094D557F158}.Debug|Any CPU.Build.0 = Debug|Any CPU
		{7E14ACF2-B757-42FE-BA5A-B094D557F158}.Release|Any CPU.ActiveCfg = Release|Any CPU
		{7E14ACF2-B757-42FE-BA5A-B094D557F158}.Release|Any CPU.Build.0 = Release|Any CPU
		{FC429BD4-C243-4348-B054-8EC84F53F9BC}.Debug|Any CPU.ActiveCfg = Debug|Any CPU
		{FC429BD4-C243-4348-B054-8EC84F53F9BC}.Debug|Any CPU.Build.0 = Debug|Any CPU
		{FC429BD4-C243-4348-B054-8EC84F53F9BC}.Release|Any CPU.ActiveCfg = Release|Any CPU
		{FC429BD4-C243-4348-B054-8EC84F53F9BC}.Release|Any CPU.Build.0 = Release|Any CPU
		{B452F3CB-F16A-4DAF-8B63-C88A7860FCC2}.Debug|Any CPU.ActiveCfg = Debug|Any CPU
		{B452F3CB-F16A-4DAF-8B63-C88A7860FCC2}.Debug|Any CPU.Build.0 = Debug|Any CPU
		{B452F3CB-F16A-4DAF-8B63-C88A7860FCC2}.Release|Any CPU.ActiveCfg = Release|Any CPU
		{B452F3CB-F16A-4DAF-8B63-C88A7860FCC2}.Release|Any CPU.Build.0 = Release|Any CPU
		{3C82B351-5D91-4F5C-A8FD-40A41E45F7BC}.Debug|Any CPU.ActiveCfg = Debug|Any CPU
		{3C82B351-5D91-4F5C-A8FD-40A41E45F7BC}.Debug|Any CPU.Build.0 = Debug|Any CPU
		{3C82B351-5D91-4F5C-A8FD-40A41E45F7BC}.Release|Any CPU.ActiveCfg = Release|Any CPU
		{3C82B351-5D91-4F5C-A8FD-40A41E45F7BC}.Release|Any CPU.Build.0 = Release|Any CPU
		{C913B029-CAC5-46B9-8820-666EF038351C}.Debug|Any CPU.ActiveCfg = Debug|Any CPU
		{C913B029-CAC5-46B9-8820-666EF038351C}.Debug|Any CPU.Build.0 = Debug|Any CPU
		{C913B029-CAC5-46B9-8820-666EF038351C}.Release|Any CPU.ActiveCfg = Release|Any CPU
		{C913B029-CAC5-46B9-8820-666EF038351C}.Release|Any CPU.Build.0 = Release|Any CPU
		{5B1A019E-A3AB-4E05-98D1-D9C37409F036}.Debug|Any CPU.ActiveCfg = Debug|Any CPU
		{5B1A019E-A3AB-4E05-98D1-D9C37409F036}.Debug|Any CPU.Build.0 = Debug|Any CPU
		{5B1A019E-A3AB-4E05-98D1-D9C37409F036}.Release|Any CPU.ActiveCfg = Release|Any CPU
		{5B1A019E-A3AB-4E05-98D1-D9C37409F036}.Release|Any CPU.Build.0 = Release|Any CPU
	EndGlobalSection
	GlobalSection(SolutionProperties) = preSolution
		HideSolutionNode = FALSE
	EndGlobalSection
EndGlobal
